
Microsoft Visual Studio Solution File, Format Version 12.00
# Visual Studio 2012
Project("{8BC9CEB8-8B4A-11D0-8D11-00A0C91BC942}") = "OpenGL9", "OpenGL9\OpenGL9.vcxproj", "{94AF0863-DB23-4934-AA1D-E486B11253EF}"
EndProject
Global
	GlobalSection(SolutionConfigurationPlatforms) = preSolution
		Debug|Win32 = Debug|Win32
		Release|Win32 = Release|Win32
	EndGlobalSection
	GlobalSection(ProjectConfigurationPlatforms) = postSolution
		{94AF0863-DB23-4934-AA1D-E486B11253EF}.Debug|Win32.ActiveCfg = Debug|Win32
		{94AF0863-DB23-4934-AA1D-E486B11253EF}.Debug|Win32.Build.0 = Debug|Win32
		{94AF0863-DB23-4934-AA1D-E486B11253EF}.Release|Win32.ActiveCfg = Release|Win32
		{94AF0863-DB23-4934-AA1D-E486B11253EF}.Release|Win32.Build.0 = Release|Win32
	EndGlobalSection
	GlobalSection(SolutionProperties) = preSolution
		HideSolutionNode = FALSE
	EndGlobalSection
EndGlobal
